
Microsoft Visual Studio Solution File, Format Version 12.00
# Visual Studio Version 17
VisualStudioVersion = 17.9.34310.174
MinimumVisualStudioVersion = 10.0.40219.1
Project("{9A19103F-16F7-4668-BE54-9A1E7A4F7556}") = "HatchUtilities", "HatchUtilities\HatchUtilities.csproj", "{3CF2B239-13BF-4686-B6C6-7346E5448CC1}"
EndProject
Project("{2150E333-8FDC-42A3-9474-1A3956D46DE8}") = "Solution Items", "Solution Items", "{5703EB8C-080B-4906-BCA0-CE88571C5FB7}"
	ProjectSection(SolutionItems) = preProject
		.editorconfig = .editorconfig
	EndProjectSection
EndProject
Global
	GlobalSection(SolutionConfigurationPlatforms) = preSolution
		Debug|Any CPU = Debug|Any CPU
		Release|Any CPU = Release|Any CPU
	EndGlobalSection
	GlobalSection(ProjectConfigurationPlatforms) = postSolution
		{3CF2B239-13BF-4686-B6C6-7346E5448CC1}.Debug|Any CPU.ActiveCfg = Debug|Any CPU
		{3CF2B239-13BF-4686-B6C6-7346E5448CC1}.Debug|Any CPU.Build.0 = Debug|Any CPU
		{3CF2B239-13BF-4686-B6C6-7346E5448CC1}.Release|Any CPU.ActiveCfg = Release|Any CPU
		{3CF2B239-13BF-4686-B6C6-7346E5448CC1}.Release|Any CPU.Build.0 = Release|Any CPU
	EndGlobalSection
	GlobalSection(SolutionProperties) = preSolution
		HideSolutionNode = FALSE
	EndGlobalSection
	GlobalSection(ExtensibilityGlobals) = postSolution
		SolutionGuid = {1AB6E59E-1911-4424-BC27-BCCC926B0B64}
	EndGlobalSection
EndGlobal
